// !$*UTF8*$!
{
	archiveVersion = 1;
	classes = {
	};
	objectVersion = 46;
	objects = {

/* Begin PBXBuildFile section */
		FBA5D6581D78A4C300FC0789 /* AppDelegate.swift in Sources */ = {isa = PBXBuildFile; fileRef = FBA5D6571D78A4C300FC0789 /* AppDelegate.swift */; };
		FBA5D65A1D78A4C300FC0789 /* ViewController.swift in Sources */ = {isa = PBXBuildFile; fileRef = FBA5D6591D78A4C300FC0789 /* ViewController.swift */; };
		FBA5D65D1D78A4C300FC0789 /* Main.storyboard in Resources */ = {isa = PBXBuildFile; fileRef = FBA5D65B1D78A4C300FC0789 /* Main.storyboard */; };
		FBA5D65F1D78A4C300FC0789 /* Assets.xcassets in Resources */ = {isa = PBXBuildFile; fileRef = FBA5D65E1D78A4C300FC0789 /* Assets.xcassets */; };
		FBA5D6621D78A4C300FC0789 /* LaunchScreen.storyboard in Resources */ = {isa = PBXBuildFile; fileRef = FBA5D6601D78A4C300FC0789 /* LaunchScreen.storyboard */; };
		FBA5D66A1D78A6EB00FC0789 /* ViewControllerSphere.swift in Sources */ = {isa = PBXBuildFile; fileRef = FBA5D6691D78A6EB00FC0789 /* ViewControllerSphere.swift */; };
		FBA5D66C1D78A6F700FC0789 /* ViewControllerPrism.swift in Sources */ = {isa = PBXBuildFile; fileRef = FBA5D66B1D78A6F700FC0789 /* ViewControllerPrism.swift */; };
/* End PBXBuildFile section */

/* Begin PBXFileReference section */
		FBA5D6541D78A4C300FC0789 /* Geometry.app */ = {isa = PBXFileReference; explicitFileType = wrapper.application; includeInIndex = 0; path = Geometry.app; sourceTree = BUILT_PRODUCTS_DIR; };
		FBA5D6571D78A4C300FC0789 /* AppDelegate.swift */ = {isa = PBXFileReference; lastKnownFileType = sourcecode.swift; path = AppDelegate.swift; sourceTree = "<group>"; };
		FBA5D6591D78A4C300FC0789 /* ViewController.swift */ = {isa = PBXFileReference; lastKnownFileType = sourcecode.swift; path = ViewController.swift; sourceTree = "<group>"; };
		FBA5D65C1D78A4C300FC0789 /* Base */ = {isa = PBXFileReference; lastKnownFileType = file.storyboard; name = Base; path = Base.lproj/Main.storyboard; sourceTree = "<group>"; };
		FBA5D65E1D78A4C300FC0789 /* Assets.xcassets */ = {isa = PBXFileReference; lastKnownFileType = folder.assetcatalog; path = Assets.xcassets; sourceTree = "<group>"; };
		FBA5D6611D78A4C300FC0789 /* Base */ = {isa = PBXFileReference; lastKnownFileType = file.storyboard; name = Base; path = Base.lproj/LaunchScreen.storyboard; sourceTree = "<group>"; };
		FBA5D6631D78A4C300FC0789 /* Info.plist */ = {isa = PBXFileReference; lastKnownFileType = text.plist.xml; path = Info.plist; sourceTree = "<group>"; };
		FBA5D6691D78A6EB00FC0789 /* ViewControllerSphere.swift */ = {isa = PBXFileReference; fileEncoding = 4; lastKnownFileType = sourcecode.swift; path = ViewControllerSphere.swift; sourceTree = "<group>"; };
		FBA5D66B1D78A6F700FC0789 /* ViewControllerPrism.swift */ = {isa = PBXFileReference; fileEncoding = 4; lastKnownFileType = sourcecode.swift; path = ViewControllerPrism.swift; sourceTree = "<group>"; };
/* End PBXFileReference section */

/* Begin PBXFrameworksBuildPhase section */
		FBA5D6511D78A4C300FC0789 /* Frameworks */ = {
			isa = PBXFrameworksBuildPhase;
			buildActionMask = 2147483647;
			files = (
			);
			runOnlyForDeploymentPostprocessing = 0;
		};
/* End PBXFrameworksBuildPhase section */

/* Begin PBXGroup section */
		FBA5D64B1D78A4C200FC0789 = {
			isa = PBXGroup;
			children = (
				FBA5D6561D78A4C300FC0789 /* Geometry */,
				FBA5D6551D78A4C300FC0789 /* Products */,
			);
			sourceTree = "<group>";
		};
		FBA5D6551D78A4C300FC0789 /* Products */ = {
			isa = PBXGroup;
			children = (
				FBA5D6541D78A4C300FC0789 /* Geometry.app */,
			);
			name = Products;
			sourceTree = "<group>";
		};
		FBA5D6561D78A4C300FC0789 /* Geometry */ = {
			isa = PBXGroup;
			children = (
				FBA5D6571D78A4C300FC0789 /* AppDelegate.swift */,
				FBA5D6591D78A4C300FC0789 /* ViewController.swift */,
				FBA5D65B1D78A4C300FC0789 /* Main.storyboard */,
				FBA5D65E1D78A4C300FC0789 /* Assets.xcassets */,
				FBA5D6601D78A4C300FC0789 /* LaunchScreen.storyboard */,
				FBA5D6631D78A4C300FC0789 /* Info.plist */,
				FBA5D6691D78A6EB00FC0789 /* ViewControllerSphere.swift */,
				FBA5D66B1D78A6F700FC0789 /* ViewControllerPrism.swift */,
			);
			path = Geometry;
			sourceTree = "<group>";
		};
/* End PBXGroup section */

/* Begin PBXNativeTarget section */
		FBA5D6531D78A4C300FC0789 /* Geometry */ = {
			isa = PBXNativeTarget;
			buildConfigurationList = FBA5D6661D78A4C300FC0789 /* Build configuration list for PBXNativeTarget "Geometry" */;
			buildPhases = (
				FBA5D6501D78A4C300FC0789 /* Sources */,
				FBA5D6511D78A4C300FC0789 /* Frameworks */,
				FBA5D6521D78A4C300FC0789 /* Resources */,
			);
			buildRules = (
			);
			dependencies = (
			);
			name = Geometry;
			productName = Geometry;
			productReference = FBA5D6541D78A4C300FC0789 /* Geometry.app */;
			productType = "com.apple.product-type.application";
		};
/* End PBXNativeTarget section */

/* Begin PBXProject section */
		FBA5D64C1D78A4C200FC0789 /* Project object */ = {
			isa = PBXProject;
			attributes = {
				LastSwiftUpdateCheck = 0730;
				LastUpgradeCheck = 0730;
				ORGANIZATIONNAME = MelissaTrevino;
				TargetAttributes = {
					FBA5D6531D78A4C300FC0789 = {
						CreatedOnToolsVersion = 7.3.1;
					};
				};
			};
			buildConfigurationList = FBA5D64F1D78A4C200FC0789 /* Build configuration list for PBXProject "Geometry" */;
			compatibilityVersion = "Xcode 3.2";
			developmentRegion = English;
			hasScannedForEncodings = 0;
			knownRegions = (
				en,
				Base,
			);
			mainGroup = FBA5D64B1D78A4C200FC0789;
			productRefGroup = FBA5D6551D78A4C300FC0789 /* Products */;
			projectDirPath = "";
			projectRoot = "";
			targets = (
				FBA5D6531D78A4C300FC0789 /* Geometry */,
			);
		};
/* End PBXProject section */

/* Begin PBXResourcesBuildPhase section */
		FBA5D6521D78A4C300FC0789 /* Resources */ = {
			isa = PBXResourcesBuildPhase;
			buildActionMask = 2147483647;
			files = (
				FBA5D6621D78A4C300FC0789 /* LaunchScreen.storyboard in Resources */,
				FBA5D65F1D78A4C300FC0789 /* Assets.xcassets in Resources */,
				FBA5D65D1D78A4C300FC0789 /* Main.storyboard in Resources */,
			);
			runOnlyForDeploymentPostprocessing = 0;
		};
/* End PBXResourcesBuildPhase section */

/* Begin PBXSourcesBuildPhase section */
		FBA5D6501D78A4C300FC0789 /* Sources */ = {
			isa = PBXSourcesBuildPhase;
			buildActionMask = 2147483647;
			files = (
				FBA5D65A1D78A4C300FC0789 /* ViewController.swift in Sources */,
				FBA5D6581D78A4C300FC0789 /* AppDelegate.swift in Sources */,
				FBA5D66C1D78A6F700FC0789 /* ViewControllerPrism.swift in Sources */,
				FBA5D66A1D78A6EB00FC0789 /* ViewControllerSphere.swift in Sources */,
			);
			runOnlyForDeploymentPostprocessing = 0;
		};
/* End PBXSourcesBuildPhase section */

/* Begin PBXVariantGroup section */
		FBA5D65B1D78A4C300FC0789 /* Main.storyboard */ = {
			isa = PBXVariantGroup;
			children = (
				FBA5D65C1D78A4C300FC0789 /* Base */,
			);
			name = Main.storyboard;
			sourceTree = "<group>";
		};
		FBA5D6601D78A4C300FC0789 /* LaunchScreen.storyboard */ = {
			isa = PBXVariantGroup;
			children = (
				FBA5D6611D78A4C300FC0789 /* Base */,
			);
			name = LaunchScreen.storyboard;
			sourceTree = "<group>";
		};
/* End PBXVariantGroup section */

/* Begin XCBuildConfiguration section */
		FBA5D6641D78A4C300FC0789 /* Debug */ = {
			isa = XCBuildConfiguration;
			buildSettings = {
				ALWAYS_SEARCH_USER_PATHS = NO;
				CLANG_ANALYZER_NONNULL = YES;
				CLANG_CXX_LANGUAGE_STANDARD = "gnu++0x";
				CLANG_CXX_LIBRARY = "libc++";
				CLANG_ENABLE_MODULES = YES;
				CLANG_ENABLE_OBJC_ARC = YES;
				CLANG_WARN_BOOL_CONVERSION = YES;
				CLANG_WARN_CONSTANT_CONVERSION = YES;
				CLANG_WARN_DIRECT_OBJC_ISA_USAGE = YES_ERROR;
				CLANG_WARN_EMPTY_BODY = YES;
				CLANG_WARN_ENUM_CONVERSION = YES;
				CLANG_WARN_INT_CONVERSION = YES;
				CLANG_WARN_OBJC_ROOT_CLASS = YES_ERROR;
				CLANG_WARN_UNREACHABLE_CODE = YES;
				CLANG_WARN__DUPLICATE_METHOD_MATCH = YES;
				"CODE_SIGN_IDENTITY[sdk=iphoneos*]" = "iPhone Developer";
				COPY_PHASE_STRIP = NO;
				DEBUG_INFORMATION_FORMAT = dwarf;
				ENABLE_STRICT_OBJC_MSGSEND = YES;
				ENABLE_TESTABILITY = YES;
				GCC_C_LANGUAGE_STANDARD = gnu99;
				GCC_DYNAMIC_NO_PIC = NO;
				GCC_NO_COMMON_BLOCKS = YES;
				GCC_OPTIMIZATION_LEVEL = 0;
				GCC_PREPROCESSOR_DEFINITIONS = (
					"DEBUG=1",
					"$(inherited)",
				);
				GCC_WARN_64_TO_32_BIT_CONVERSION = YES;
				GCC_WARN_ABOUT_RETURN_TYPE = YES_ERROR;
				GCC_WARN_UNDECLARED_SELECTOR = YES;
				GCC_WARN_UNINITIALIZED_AUTOS = YES_AGGRESSIVE;
				GCC_WARN_UNUSED_FUNCTION = YES;
				GCC_WARN_UNUSED_VARIABLE = YES;
				IPHONEOS_DEPLOYMENT_TARGET = 9.3;
				MTL_ENABLE_DEBUG_INFO = YES;
				ONLY_ACTIVE_ARCH = YES;
				SDKROOT = iphoneos;
				SWIFT_OPTIMIZATION_LEVEL = "-Onone";
			};
			name = Debug;
		};
		FBA5D6651D78A4C300FC0789 /* Release */ = {
			isa = XCBuildConfiguration;
			buildSettings = {
				ALWAYS_SEARCH_USER_PATHS = NO;
				CLANG_ANALYZER_NONNULL = YES;
				CLANG_CXX_LANGUAGE_STANDARD = "gnu++0x";
				CLANG_CXX_LIBRARY = "libc++";
				CLANG_ENABLE_MODULES = YES;
				CLANG_ENABLE_OBJC_ARC = YES;
				CLANG_WARN_BOOL_CONVERSION = YES;
				CLANG_WARN_CONSTANT_CONVERSION = YES;
				CLANG_WARN_DIRECT_OBJC_ISA_USAGE = YES_ERROR;
				CLANG_WARN_EMPTY_BODY = YES;
				CLANG_WARN_ENUM_CONVERSION = YES;
				CLANG_WARN_INT_CONVERSION = YES;
				CLANG_WARN_OBJC_ROOT_CLASS = YES_ERROR;
				CLANG_WARN_UNREACHABLE_CODE = YES;
				CLANG_WARN__DUPLICATE_METHOD_MATCH = YES;
				"CODE_SIGN_IDENTITY[sdk=iphoneos*]" = "iPhone Developer";
				COPY_PHASE_STRIP = NO;
				DEBUG_INFORMATION_FORMAT = "dwarf-with-dsym";
				ENABLE_NS_ASSERTIONS = NO;
				ENABLE_STRICT_OBJC_MSGSEND = YES;
				GCC_C_LANGUAGE_STANDARD = gnu99;
				GCC_NO_COMMON_BLOCKS = YES;
				GCC_WARN_64_TO_32_BIT_CONVERSION = YES;
				GCC_WARN_ABOUT_RETURN_TYPE = YES_ERROR;
				GCC_WARN_UNDECLARED_SELECTOR = YES;
				GCC_WARN_UNINITIALIZED_AUTOS = YES_AGGRESSIVE;
				GCC_WARN_UNUSED_FUNCTION = YES;
				GCC_WARN_UNUSED_VARIABLE = YES;
				IPHONEOS_DEPLOYMENT_TARGET = 9.3;
				MTL_ENABLE_DEBUG_INFO = NO;
				SDKROOT = iphoneos;
				VALIDATE_PRODUCT = YES;
			};
			name = Release;
		};
		FBA5D6671D78A4C300FC0789 /* Debug */ = {
			isa = XCBuildConfiguration;
			buildSettings = {
				ASSETCATALOG_COMPILER_APPICON_NAME = AppIcon;
				INFOPLIST_FILE = Geometry/Info.plist;
				LD_RUNPATH_SEARCH_PATHS = "$(inherited) @executable_path/Frameworks";
				PRODUCT_BUNDLE_IDENTIFIER = itesm.Geometry;
				PRODUCT_NAME = "$(TARGET_NAME)";
			};
			name = Debug;
		};
		FBA5D6681D78A4C300FC0789 /* Release */ = {
			isa = XCBuildConfiguration;
			buildSettings = {
				ASSETCATALOG_COMPILER_APPICON_NAME = AppIcon;
				INFOPLIST_FILE = Geometry/Info.plist;
				LD_RUNPATH_SEARCH_PATHS = "$(inherited) @executable_path/Frameworks";
				PRODUCT_BUNDLE_IDENTIFIER = itesm.Geometry;
				PRODUCT_NAME = "$(TARGET_NAME)";
			};
			name = Release;
		};
/* End XCBuildConfiguration section */

/* Begin XCConfigurationList section */
		FBA5D64F1D78A4C200FC0789 /* Build configuration list for PBXProject "Geometry" */ = {
			isa = XCConfigurationList;
			buildConfigurations = (
				FBA5D6641D78A4C300FC0789 /* Debug */,
				FBA5D6651D78A4C300FC0789 /* Release */,
			);
			defaultConfigurationIsVisible = 0;
			defaultConfigurationName = Release;
		};
		FBA5D6661D78A4C300FC0789 /* Build configuration list for PBXNativeTarget "Geometry" */ = {
			isa = XCConfigurationList;
			buildConfigurations = (
				FBA5D6671D78A4C300FC0789 /* Debug */,
				FBA5D6681D78A4C300FC0789 /* Release */,
			);
			defaultConfigurationIsVisible = 0;
		};
/* End XCConfigurationList section */
	};
	rootObject = FBA5D64C1D78A4C200FC0789 /* Project object */;
}
